# This file is automatically @generated by Cargo.
# It is not intended for manual editing.
version = 3

[[package]]
name = "galvanic-assert"
version = "0.8.7"
source = "registry+https://github.com/rust-lang/crates.io-index"
checksum = "3afb916c829538b4f18402c9d0be7484a6f5539442e19ed67ddfb7782604bb40"

[[package]]
name = "newphone"
version = "0.1.0"
dependencies = [
 "galvanic-assert",
]
